
Microsoft Visual Studio Solution File, Format Version 12.00
# Visual Studio Version 17
VisualStudioVersion = 17.11.35327.3
MinimumVisualStudioVersion = 10.0.40219.1
Project("{9A19103F-16F7-4668-BE54-9A1E7A4F7556}") = "TestShape", "TestShape\TestShape.csproj", "{F5707460-911D-418A-AC91-AD76CCA800F4}"
EndProject
Project("{9A19103F-16F7-4668-BE54-9A1E7A4F7556}") = "ClassLibrary1", "..\..\ТестовоеC#\ClassLibrary1\ClassLibrary1\ClassLibrary1.csproj", "{5552BE5C-6648-415B-A659-6F367FCA4ABB}"
EndProject
Project("{FAE04EC0-301F-11D3-BF4B-00C04F79EFBC}") = "UnitTests", "UnitTests\UnitTests.csproj", "{1CCD06A0-AF09-4B43-AF31-3F3649BB4E78}"
EndProject
Global
	GlobalSection(SolutionConfigurationPlatforms) = preSolution
		Debug|Any CPU = Debug|Any CPU
		Release|Any CPU = Release|Any CPU
	EndGlobalSection
	GlobalSection(ProjectConfigurationPlatforms) = postSolution
		{F5707460-911D-418A-AC91-AD76CCA800F4}.Debug|Any CPU.ActiveCfg = Debug|Any CPU
		{F5707460-911D-418A-AC91-AD76CCA800F4}.Debug|Any CPU.Build.0 = Debug|Any CPU
		{F5707460-911D-418A-AC91-AD76CCA800F4}.Release|Any CPU.ActiveCfg = Release|Any CPU
		{F5707460-911D-418A-AC91-AD76CCA800F4}.Release|Any CPU.Build.0 = Release|Any CPU
		{5552BE5C-6648-415B-A659-6F367FCA4ABB}.Debug|Any CPU.ActiveCfg = Debug|Any CPU
		{5552BE5C-6648-415B-A659-6F367FCA4ABB}.Debug|Any CPU.Build.0 = Debug|Any CPU
		{5552BE5C-6648-415B-A659-6F367FCA4ABB}.Release|Any CPU.ActiveCfg = Release|Any CPU
		{5552BE5C-6648-415B-A659-6F367FCA4ABB}.Release|Any CPU.Build.0 = Release|Any CPU
		{1CCD06A0-AF09-4B43-AF31-3F3649BB4E78}.Debug|Any CPU.ActiveCfg = Debug|Any CPU
		{1CCD06A0-AF09-4B43-AF31-3F3649BB4E78}.Debug|Any CPU.Build.0 = Debug|Any CPU
		{1CCD06A0-AF09-4B43-AF31-3F3649BB4E78}.Release|Any CPU.ActiveCfg = Release|Any CPU
		{1CCD06A0-AF09-4B43-AF31-3F3649BB4E78}.Release|Any CPU.Build.0 = Release|Any CPU
	EndGlobalSection
	GlobalSection(SolutionProperties) = preSolution
		HideSolutionNode = FALSE
	EndGlobalSection
	GlobalSection(ExtensibilityGlobals) = postSolution
		SolutionGuid = {6787D0CF-101F-41A2-9DD7-31D5F58CB5C0}
	EndGlobalSection
EndGlobal
